Microsoft Visual Studio Solution File, Format Version 12.00
# Visual Studio Version 17
VisualStudioVersion = 17.8.0.0
MinimumVisualStudioVersion = 17.8.0.0
Project("{9A19103F-16F7-4668-BE54-9A1E7A4F7556}") = "AspireDemoProject.AppHost", "AspireDemoProject.AppHost\AspireDemoProject.AppHost.csproj", "{C8D65F3A-C4D9-4B2D-AE2D-9803AC6C388F}"
EndProject
Project("{9A19103F-16F7-4668-BE54-9A1E7A4F7556}") = "AspireDemoProject.ServiceDefaults", "AspireDemoProject.ServiceDefaults\AspireDemoProject.ServiceDefaults.csproj", "{2986CD09-34D1-46DA-A6D6-4AD90B4A2A1E}"
EndProject
Project("{9A19103F-16F7-4668-BE54-9A1E7A4F7556}") = "AspireDemoProject.ApiService", "AspireDemoProject.ApiService\AspireDemoProject.ApiService.csproj", "{A4A56E63-83BC-4036-A6D5-EDF2A866F145}"
EndProject
Project("{9A19103F-16F7-4668-BE54-9A1E7A4F7556}") = "AspireDemoProject.Web", "AspireDemoProject.Web\AspireDemoProject.Web.csproj", "{E9493F3E-E840-4B9C-8F08-9C00F1DD6ACD}"
EndProject
Global
	GlobalSection(SolutionConfigurationPlatforms) = preSolution
		Debug|Any CPU = Debug|Any CPU
		Release|Any CPU = Release|Any CPU
	EndGlobalSection
	GlobalSection(ProjectConfigurationPlatforms) = postSolution
		{C8D65F3A-C4D9-4B2D-AE2D-9803AC6C388F}.Debug|Any CPU.ActiveCfg = Debug|Any CPU
		{C8D65F3A-C4D9-4B2D-AE2D-9803AC6C388F}.Debug|Any CPU.Build.0 = Debug|Any CPU
		{C8D65F3A-C4D9-4B2D-AE2D-9803AC6C388F}.Release|Any CPU.ActiveCfg = Release|Any CPU
		{C8D65F3A-C4D9-4B2D-AE2D-9803AC6C388F}.Release|Any CPU.Build.0 = Release|Any CPU
		{2986CD09-34D1-46DA-A6D6-4AD90B4A2A1E}.Debug|Any CPU.ActiveCfg = Debug|Any CPU
		{2986CD09-34D1-46DA-A6D6-4AD90B4A2A1E}.Debug|Any CPU.Build.0 = Debug|Any CPU
		{2986CD09-34D1-46DA-A6D6-4AD90B4A2A1E}.Release|Any CPU.ActiveCfg = Release|Any CPU
		{2986CD09-34D1-46DA-A6D6-4AD90B4A2A1E}.Release|Any CPU.Build.0 = Release|Any CPU
		{A4A56E63-83BC-4036-A6D5-EDF2A866F145}.Debug|Any CPU.ActiveCfg = Debug|Any CPU
		{A4A56E63-83BC-4036-A6D5-EDF2A866F145}.Debug|Any CPU.Build.0 = Debug|Any CPU
		{A4A56E63-83BC-4036-A6D5-EDF2A866F145}.Release|Any CPU.ActiveCfg = Release|Any CPU
		{A4A56E63-83BC-4036-A6D5-EDF2A866F145}.Release|Any CPU.Build.0 = Release|Any CPU
		{E9493F3E-E840-4B9C-8F08-9C00F1DD6ACD}.Debug|Any CPU.ActiveCfg = Debug|Any CPU
		{E9493F3E-E840-4B9C-8F08-9C00F1DD6ACD}.Debug|Any CPU.Build.0 = Debug|Any CPU
		{E9493F3E-E840-4B9C-8F08-9C00F1DD6ACD}.Release|Any CPU.ActiveCfg = Release|Any CPU
		{E9493F3E-E840-4B9C-8F08-9C00F1DD6ACD}.Release|Any CPU.Build.0 = Release|Any CPU
	EndGlobalSection
	GlobalSection(SolutionProperties) = preSolution
		HideSolutionNode = FALSE
	EndGlobalSection
	GlobalSection(ExtensibilityGlobals) = postSolution
		SolutionGuid = {2A2CD584-4DB6-485C-8732-6483E2D0391E}
	EndGlobalSection
EndGlobal
